// !$*UTF8*$!
{
	archiveVersion = 1;
	classes = {
	};
	objectVersion = 77;
	objects = {

/* Begin PBXBuildFile section */
		8B1255632F2123FB0079B7F2 /* Assets.xcassets in Resources */ = {isa = PBXBuildFile; fileRef = 8B1255602F2123FB0079B7F2 /* Assets.xcassets */; };
		8B1255642F2123FB0079B7F2 /* Friend.swift in Sources */ = {isa = PBXBuildFile; fileRef = 8B1255552F2123FB0079B7F2 /* Friend.swift */; };
		8B1255652F2123FB0079B7F2 /* Movie.swift in Sources */ = {isa = PBXBuildFile; fileRef = 8B1255562F2123FB0079B7F2 /* Movie.swift */; };
		8B1255662F2123FB0079B7F2 /* SampleData.swift in Sources */ = {isa = PBXBuildFile; fileRef = 8B1255582F2123FB0079B7F2 /* SampleData.swift */; };
		8B1255672F2123FB0079B7F2 /* ContentView.swift in Sources */ = {isa = PBXBuildFile; fileRef = 8B12555A2F2123FB0079B7F2 /* ContentView.swift */; };
		8B1255682F2123FB0079B7F2 /* FriendListDetailView.swift in Sources */ = {isa = PBXBuildFile; fileRef = 8B12555B2F2123FB0079B7F2 /* FriendListDetailView.swift */; };
		8B1255692F2123FB0079B7F2 /* FriendListView.swift in Sources */ = {isa = PBXBuildFile; fileRef = 8B12555C2F2123FB0079B7F2 /* FriendListView.swift */; };
		8B12556A2F2123FB0079B7F2 /* MovieListDetailView.swift in Sources */ = {isa = PBXBuildFile; fileRef = 8B12555D2F2123FB0079B7F2 /* MovieListDetailView.swift */; };
		8B12556B2F2123FB0079B7F2 /* MovieListView.swift in Sources */ = {isa = PBXBuildFile; fileRef = 8B12555E2F2123FB0079B7F2 /* MovieListView.swift */; };
		8B12556C2F2123FB0079B7F2 /* FriendsFavoriteMoviesORMApp.swift in Sources */ = {isa = PBXBuildFile; fileRef = 8B1255612F2123FB0079B7F2 /* FriendsFavoriteMoviesORMApp.swift */; };
		8B12556E2F21303C0079B7F2 /* MovieListFilteredView.swift in Sources */ = {isa = PBXBuildFile; fileRef = 8B12556D2F21302E0079B7F2 /* MovieListFilteredView.swift */; };
/* End PBXBuildFile section */

/* Begin PBXFileReference section */
		8B1255332F2123820079B7F2 /* FriendsFavoriteMoviesORM.app */ = {isa = PBXFileReference; explicitFileType = wrapper.application; includeInIndex = 0; name = FriendsFavoriteMoviesORM.app; path = "/Users/kevinbrown/Documents/GitHub/kevinbrowncodes/friends-favorite-movies-orm/FriendsFavoriteMoviesORM/build/Debug-iphoneos/FriendsFavoriteMoviesORM.app"; sourceTree = "<absolute>"; };
		8B1255552F2123FB0079B7F2 /* Friend.swift */ = {isa = PBXFileReference; lastKnownFileType = sourcecode.swift; path = Friend.swift; sourceTree = "<group>"; };
		8B1255562F2123FB0079B7F2 /* Movie.swift */ = {isa = PBXFileReference; lastKnownFileType = sourcecode.swift; path = Movie.swift; sourceTree = "<group>"; };
		8B1255582F2123FB0079B7F2 /* SampleData.swift */ = {isa = PBXFileReference; lastKnownFileType = sourcecode.swift; path = SampleData.swift; sourceTree = "<group>"; };
		8B12555A2F2123FB0079B7F2 /* ContentView.swift */ = {isa = PBXFileReference; lastKnownFileType = sourcecode.swift; path = ContentView.swift; sourceTree = "<group>"; };
		8B12555B2F2123FB0079B7F2 /* FriendListDetailView.swift */ = {isa = PBXFileReference; lastKnownFileType = sourcecode.swift; path = FriendListDetailView.swift; sourceTree = "<group>"; };
		8B12555C2F2123FB0079B7F2 /* FriendListView.swift */ = {isa = PBXFileReference; lastKnownFileType = sourcecode.swift; path = FriendListView.swift; sourceTree = "<group>"; };
		8B12555D2F2123FB0079B7F2 /* MovieListDetailView.swift */ = {isa = PBXFileReference; lastKnownFileType = sourcecode.swift; path = MovieListDetailView.swift; sourceTree = "<group>"; };
		8B12555E2F2123FB0079B7F2 /* MovieListView.swift */ = {isa = PBXFileReference; lastKnownFileType = sourcecode.swift; path = MovieListView.swift; sourceTree = "<group>"; };
		8B1255602F2123FB0079B7F2 /* Assets.xcassets */ = {isa = PBXFileReference; lastKnownFileType = folder.assetcatalog; path = Assets.xcassets; sourceTree = "<group>"; };
		8B1255612F2123FB0079B7F2 /* FriendsFavoriteMoviesORMApp.swift */ = {isa = PBXFileReference; lastKnownFileType = sourcecode.swift; path = FriendsFavoriteMoviesORMApp.swift; sourceTree = "<group>"; };
		8B12556D2F21302E0079B7F2 /* MovieListFilteredView.swift */ = {isa = PBXFileReference; lastKnownFileType = sourcecode.swift; path = MovieListFilteredView.swift; sourceTree = "<group>"; };
/* End PBXFileReference section */

/* Begin PBXFrameworksBuildPhase section */
		8B1255302F2123820079B7F2 /* Frameworks */ = {
			isa = PBXFrameworksBuildPhase;
			buildActionMask = 2147483647;
			files = (
			);
			runOnlyForDeploymentPostprocessing = 0;
		};
/* End PBXFrameworksBuildPhase section */

/* Begin PBXGroup section */
		8B12552A2F2123820079B7F2 = {
			isa = PBXGroup;
			children = (
				8B1255622F2123FB0079B7F2 /* FriendsFavoriteMoviesORM */,
			);
			sourceTree = "<group>";
		};
		8B1255572F2123FB0079B7F2 /* Models */ = {
			isa = PBXGroup;
			children = (
				8B1255552F2123FB0079B7F2 /* Friend.swift */,
				8B1255562F2123FB0079B7F2 /* Movie.swift */,
			);
			path = Models;
			sourceTree = "<group>";
		};
		8B1255592F2123FB0079B7F2 /* Support */ = {
			isa = PBXGroup;
			children = (
				8B1255582F2123FB0079B7F2 /* SampleData.swift */,
			);
			path = Support;
			sourceTree = "<group>";
		};
		8B12555F2F2123FB0079B7F2 /* Views */ = {
			isa = PBXGroup;
			children = (
				8B12555A2F2123FB0079B7F2 /* ContentView.swift */,
				8B12555C2F2123FB0079B7F2 /* FriendListView.swift */,
				8B12555B2F2123FB0079B7F2 /* FriendListDetailView.swift */,
				8B12555E2F2123FB0079B7F2 /* MovieListView.swift */,
				8B12555D2F2123FB0079B7F2 /* MovieListDetailView.swift */,
				8B12556D2F21302E0079B7F2 /* MovieListFilteredView.swift */,
			);
			path = Views;
			sourceTree = "<group>";
		};
		8B1255622F2123FB0079B7F2 /* FriendsFavoriteMoviesORM */ = {
			isa = PBXGroup;
			children = (
				8B1255612F2123FB0079B7F2 /* FriendsFavoriteMoviesORMApp.swift */,
				8B1255572F2123FB0079B7F2 /* Models */,
				8B12555F2F2123FB0079B7F2 /* Views */,
				8B1255592F2123FB0079B7F2 /* Support */,
				8B1255602F2123FB0079B7F2 /* Assets.xcassets */,
			);
			path = FriendsFavoriteMoviesORM;
			sourceTree = "<group>";
		};
/* End PBXGroup section */

/* Begin PBXNativeTarget section */
		8B1255322F2123820079B7F2 /* FriendsFavoriteMoviesORM */ = {
			isa = PBXNativeTarget;
			buildConfigurationList = 8B12553E2F2123830079B7F2 /* Build configuration list for PBXNativeTarget "FriendsFavoriteMoviesORM" */;
			buildPhases = (
				8B12552F2F2123820079B7F2 /* Sources */,
				8B1255302F2123820079B7F2 /* Frameworks */,
				8B1255312F2123820079B7F2 /* Resources */,
			);
			buildRules = (
			);
			dependencies = (
			);
			name = FriendsFavoriteMoviesORM;
			packageProductDependencies = (
			);
			productName = FriendsFavoriteMoviesORM;
			productReference = 8B1255332F2123820079B7F2 /* FriendsFavoriteMoviesORM.app */;
			productType = "com.apple.product-type.application";
		};
/* End PBXNativeTarget section */

/* Begin PBXProject section */
		8B12552B2F2123820079B7F2 /* Project object */ = {
			isa = PBXProject;
			attributes = {
				BuildIndependentTargetsInParallel = 1;
				LastSwiftUpdateCheck = 2620;
				LastUpgradeCheck = 2620;
				TargetAttributes = {
					8B1255322F2123820079B7F2 = {
						CreatedOnToolsVersion = 26.2;
					};
				};
			};
			buildConfigurationList = 8B12552E2F2123820079B7F2 /* Build configuration list for PBXProject "FriendsFavoriteMoviesORM" */;
			developmentRegion = en;
			hasScannedForEncodings = 0;
			knownRegions = (
				en,
				Base,
			);
			mainGroup = 8B12552A2F2123820079B7F2;
			minimizedProjectReferenceProxies = 1;
			preferredProjectObjectVersion = 77;
			productRefGroup = 8B12552A2F2123820079B7F2;
			projectDirPath = "";
			projectRoot = "";
			targets = (
				8B1255322F2123820079B7F2 /* FriendsFavoriteMoviesORM */,
			);
		};
/* End PBXProject section */

/* Begin PBXResourcesBuildPhase section */
		8B1255312F2123820079B7F2 /* Resources */ = {
			isa = PBXResourcesBuildPhase;
			buildActionMask = 2147483647;
			files = (
				8B1255632F2123FB0079B7F2 /* Assets.xcassets in Resources */,
			);
			runOnlyForDeploymentPostprocessing = 0;
		};
/* End PBXResourcesBuildPhase section */

/* Begin PBXSourcesBuildPhase section */
		8B12552F2F2123820079B7F2 /* Sources */ = {
			isa = PBXSourcesBuildPhase;
			buildActionMask = 2147483647;
			files = (
				8B12556E2F21303C0079B7F2 /* MovieListFilteredView.swift in Sources */,
				8B1255642F2123FB0079B7F2 /* Friend.swift in Sources */,
				8B1255652F2123FB0079B7F2 /* Movie.swift in Sources */,
				8B1255662F2123FB0079B7F2 /* SampleData.swift in Sources */,
				8B1255672F2123FB0079B7F2 /* ContentView.swift in Sources */,
				8B1255682F2123FB0079B7F2 /* FriendListDetailView.swift in Sources */,
				8B1255692F2123FB0079B7F2 /* FriendListView.swift in Sources */,
				8B12556A2F2123FB0079B7F2 /* MovieListDetailView.swift in Sources */,
				8B12556B2F2123FB0079B7F2 /* MovieListView.swift in Sources */,
				8B12556C2F2123FB0079B7F2 /* FriendsFavoriteMoviesORMApp.swift in Sources */,
			);
			runOnlyForDeploymentPostprocessing = 0;
		};
/* End PBXSourcesBuildPhase section */

/* Begin XCBuildConfiguration section */
		8B12553C2F2123830079B7F2 /* Debug */ = {
			isa = XCBuildConfiguration;
			buildSettings = {
				ALWAYS_SEARCH_USER_PATHS = NO;
				ASSETCATALOG_COMPILER_GENERATE_SWIFT_ASSET_SYMBOL_EXTENSIONS = YES;
				CLANG_ANALYZER_NONNULL = YES;
				CLANG_ANALYZER_NUMBER_OBJECT_CONVERSION = YES_AGGRESSIVE;
				CLANG_CXX_LANGUAGE_STANDARD = "gnu++20";
				CLANG_ENABLE_MODULES = YES;
				CLANG_ENABLE_OBJC_ARC = YES;
				CLANG_ENABLE_OBJC_WEAK = YES;
				CLANG_WARN_BLOCK_CAPTURE_AUTORELEASING = YES;
				CLANG_WARN_BOOL_CONVERSION = YES;
				CLANG_WARN_COMMA = YES;
				CLANG_WARN_CONSTANT_CONVERSION = YES;
				CLANG_WARN_DEPRECATED_OBJC_IMPLEMENTATIONS = YES;
				CLANG_WARN_DIRECT_OBJC_ISA_USAGE = YES_ERROR;
				CLANG_WARN_DOCUMENTATION_COMMENTS = YES;
				CLANG_WARN_EMPTY_BODY = YES;
				CLANG_WARN_ENUM_CONVERSION = YES;
				CLANG_WARN_INFINITE_RECURSION = YES;
				CLANG_WARN_INT_CONVERSION = YES;
				CLANG_WARN_NON_LITERAL_NULL_CONVERSION = YES;
				CLANG_WARN_OBJC_IMPLICIT_RETAIN_SELF = YES;
				CLANG_WARN_OBJC_LITERAL_CONVERSION = YES;
				CLANG_WARN_OBJC_ROOT_CLASS = YES_ERROR;
				CLANG_WARN_QUOTED_INCLUDE_IN_FRAMEWORK_HEADER = YES;
				CLANG_WARN_RANGE_LOOP_ANALYSIS = YES;
				CLANG_WARN_STRICT_PROTOTYPES = YES;
				CLANG_WARN_SUSPICIOUS_MOVE = YES;
				CLANG_WARN_UNGUARDED_AVAILABILITY = YES_AGGRESSIVE;
				CLANG_WARN_UNREACHABLE_CODE = YES;
				CLANG_WARN__DUPLICATE_METHOD_MATCH = YES;
				COPY_PHASE_STRIP = NO;
				DEBUG_INFORMATION_FORMAT = dwarf;
				DEVELOPMENT_TEAM = 793YF22DGM;
				ENABLE_STRICT_OBJC_MSGSEND = YES;
				ENABLE_TESTABILITY = YES;
				ENABLE_USER_SCRIPT_SANDBOXING = YES;
				GCC_C_LANGUAGE_STANDARD = gnu17;
				GCC_DYNAMIC_NO_PIC = NO;
				GCC_NO_COMMON_BLOCKS = YES;
				GCC_OPTIMIZATION_LEVEL = 0;
				GCC_PREPROCESSOR_DEFINITIONS = (
					"DEBUG=1",
					"$(inherited)",
				);
				GCC_WARN_64_TO_32_BIT_CONVERSION = YES;
				GCC_WARN_ABOUT_RETURN_TYPE = YES_ERROR;
				GCC_WARN_UNDECLARED_SELECTOR = YES;
				GCC_WARN_UNINITIALIZED_AUTOS = YES_AGGRESSIVE;
				GCC_WARN_UNUSED_FUNCTION = YES;
				GCC_WARN_UNUSED_VARIABLE = YES;
				IPHONEOS_DEPLOYMENT_TARGET = 26.2;
				LOCALIZATION_PREFERS_STRING_CATALOGS = YES;
				MTL_ENABLE_DEBUG_INFO = INCLUDE_SOURCE;
				MTL_FAST_MATH = YES;
				ONLY_ACTIVE_ARCH = YES;
				SDKROOT = iphoneos;
				SWIFT_ACTIVE_COMPILATION_CONDITIONS = "DEBUG $(inherited)";
				SWIFT_OPTIMIZATION_LEVEL = "-Onone";
			};
			name = Debug;
		};
		8B12553D2F2123830079B7F2 /* Release */ = {
			isa = XCBuildConfiguration;
			buildSettings = {
				ALWAYS_SEARCH_USER_PATHS = NO;
				ASSETCATALOG_COMPILER_GENERATE_SWIFT_ASSET_SYMBOL_EXTENSIONS = YES;
				CLANG_ANALYZER_NONNULL = YES;
				CLANG_ANALYZER_NUMBER_OBJECT_CONVERSION = YES_AGGRESSIVE;
				CLANG_CXX_LANGUAGE_STANDARD = "gnu++20";
				CLANG_ENABLE_MODULES = YES;
				CLANG_ENABLE_OBJC_ARC = YES;
				CLANG_ENABLE_OBJC_WEAK = YES;
				CLANG_WARN_BLOCK_CAPTURE_AUTORELEASING = YES;
				CLANG_WARN_BOOL_CONVERSION = YES;
				CLANG_WARN_COMMA = YES;
				CLANG_WARN_CONSTANT_CONVERSION = YES;
				CLANG_WARN_DEPRECATED_OBJC_IMPLEMENTATIONS = YES;
				CLANG_WARN_DIRECT_OBJC_ISA_USAGE = YES_ERROR;
				CLANG_WARN_DOCUMENTATION_COMMENTS = YES;
				CLANG_WARN_EMPTY_BODY = YES;
				CLANG_WARN_ENUM_CONVERSION = YES;
				CLANG_WARN_INFINITE_RECURSION = YES;
				CLANG_WARN_INT_CONVERSION = YES;
				CLANG_WARN_NON_LITERAL_NULL_CONVERSION = YES;
				CLANG_WARN_OBJC_IMPLICIT_RETAIN_SELF = YES;
				CLANG_WARN_OBJC_LITERAL_CONVERSION = YES;
				CLANG_WARN_OBJC_ROOT_CLASS = YES_ERROR;
				CLANG_WARN_QUOTED_INCLUDE_IN_FRAMEWORK_HEADER = YES;
				CLANG_WARN_RANGE_LOOP_ANALYSIS = YES;
				CLANG_WARN_STRICT_PROTOTYPES = YES;
				CLANG_WARN_SUSPICIOUS_MOVE = YES;
				CLANG_WARN_UNGUARDED_AVAILABILITY = YES_AGGRESSIVE;
				CLANG_WARN_UNREACHABLE_CODE = YES;
				CLANG_WARN__DUPLICATE_METHOD_MATCH = YES;
				COPY_PHASE_STRIP = NO;
				DEBUG_INFORMATION_FORMAT = "dwarf-with-dsym";
				DEVELOPMENT_TEAM = 793YF22DGM;
				ENABLE_NS_ASSERTIONS = NO;
				ENABLE_STRICT_OBJC_MSGSEND = YES;
				ENABLE_USER_SCRIPT_SANDBOXING = YES;
				GCC_C_LANGUAGE_STANDARD = gnu17;
				GCC_NO_COMMON_BLOCKS = YES;
				GCC_WARN_64_TO_32_BIT_CONVERSION = YES;
				GCC_WARN_ABOUT_RETURN_TYPE = YES_ERROR;
				GCC_WARN_UNDECLARED_SELECTOR = YES;
				GCC_WARN_UNINITIALIZED_AUTOS = YES_AGGRESSIVE;
				GCC_WARN_UNUSED_FUNCTION = YES;
				GCC_WARN_UNUSED_VARIABLE = YES;
				IPHONEOS_DEPLOYMENT_TARGET = 26.2;
				LOCALIZATION_PREFERS_STRING_CATALOGS = YES;
				MTL_ENABLE_DEBUG_INFO = NO;
				MTL_FAST_MATH = YES;
				SDKROOT = iphoneos;
				SWIFT_COMPILATION_MODE = wholemodule;
				VALIDATE_PRODUCT = YES;
			};
			name = Release;
		};
		8B12553F2F2123830079B7F2 /* Debug */ = {
			isa = XCBuildConfiguration;
			buildSettings = {
				ASSETCATALOG_COMPILER_APPICON_NAME = AppIcon;
				ASSETCATALOG_COMPILER_GLOBAL_ACCENT_COLOR_NAME = AccentColor;
				CODE_SIGN_STYLE = Automatic;
				CURRENT_PROJECT_VERSION = 1;
				DEVELOPMENT_TEAM = 793YF22DGM;
				ENABLE_PREVIEWS = YES;
				GENERATE_INFOPLIST_FILE = YES;
				INFOPLIST_KEY_UIApplicationSceneManifest_Generation = YES;
				INFOPLIST_KEY_UIApplicationSupportsIndirectInputEvents = YES;
				INFOPLIST_KEY_UILaunchScreen_Generation = YES;
				INFOPLIST_KEY_UISupportedInterfaceOrientations_iPad = "UIInterfaceOrientationPortrait UIInterfaceOrientationPortraitUpsideDown UIInterfaceOrientationLandscapeLeft UIInterfaceOrientationLandscapeRight";
				INFOPLIST_KEY_UISupportedInterfaceOrientations_iPhone = "UIInterfaceOrientationPortrait UIInterfaceOrientationLandscapeLeft UIInterfaceOrientationLandscapeRight";
				LD_RUNPATH_SEARCH_PATHS = (
					"$(inherited)",
					"@executable_path/Frameworks",
				);
				MARKETING_VERSION = 1.0;
				PRODUCT_BUNDLE_IDENTIFIER = kevinbrowncodes.FriendsFavoriteMoviesORM;
				PRODUCT_NAME = "$(TARGET_NAME)";
				STRING_CATALOG_GENERATE_SYMBOLS = YES;
				SWIFT_APPROACHABLE_CONCURRENCY = YES;
				SWIFT_DEFAULT_ACTOR_ISOLATION = MainActor;
				SWIFT_EMIT_LOC_STRINGS = YES;
				SWIFT_UPCOMING_FEATURE_MEMBER_IMPORT_VISIBILITY = YES;
				SWIFT_VERSION = 5.0;
				TARGETED_DEVICE_FAMILY = "1,2";
			};
			name = Debug;
		};
		8B1255402F2123830079B7F2 /* Release */ = {
			isa = XCBuildConfiguration;
			buildSettings = {
				ASSETCATALOG_COMPILER_APPICON_NAME = AppIcon;
				ASSETCATALOG_COMPILER_GLOBAL_ACCENT_COLOR_NAME = AccentColor;
				CODE_SIGN_STYLE = Automatic;
				CURRENT_PROJECT_VERSION = 1;
				DEVELOPMENT_TEAM = 793YF22DGM;
				ENABLE_PREVIEWS = YES;
				GENERATE_INFOPLIST_FILE = YES;
				INFOPLIST_KEY_UIApplicationSceneManifest_Generation = YES;
				INFOPLIST_KEY_UIApplicationSupportsIndirectInputEvents = YES;
				INFOPLIST_KEY_UILaunchScreen_Generation = YES;
				INFOPLIST_KEY_UISupportedInterfaceOrientations_iPad = "UIInterfaceOrientationPortrait UIInterfaceOrientationPortraitUpsideDown UIInterfaceOrientationLandscapeLeft UIInterfaceOrientationLandscapeRight";
				INFOPLIST_KEY_UISupportedInterfaceOrientations_iPhone = "UIInterfaceOrientationPortrait UIInterfaceOrientationLandscapeLeft UIInterfaceOrientationLandscapeRight";
				LD_RUNPATH_SEARCH_PATHS = (
					"$(inherited)",
					"@executable_path/Frameworks",
				);
				MARKETING_VERSION = 1.0;
				PRODUCT_BUNDLE_IDENTIFIER = kevinbrowncodes.FriendsFavoriteMoviesORM;
				PRODUCT_NAME = "$(TARGET_NAME)";
				STRING_CATALOG_GENERATE_SYMBOLS = YES;
				SWIFT_APPROACHABLE_CONCURRENCY = YES;
				SWIFT_DEFAULT_ACTOR_ISOLATION = MainActor;
				SWIFT_EMIT_LOC_STRINGS = YES;
				SWIFT_UPCOMING_FEATURE_MEMBER_IMPORT_VISIBILITY = YES;
				SWIFT_VERSION = 5.0;
				TARGETED_DEVICE_FAMILY = "1,2";
			};
			name = Release;
		};
/* End XCBuildConfiguration section */

/* Begin XCConfigurationList section */
		8B12552E2F2123820079B7F2 /* Build configuration list for PBXProject "FriendsFavoriteMoviesORM" */ = {
			isa = XCConfigurationList;
			buildConfigurations = (
				8B12553C2F2123830079B7F2 /* Debug */,
				8B12553D2F2123830079B7F2 /* Release */,
			);
			defaultConfigurationIsVisible = 0;
			defaultConfigurationName = Release;
		};
		8B12553E2F2123830079B7F2 /* Build configuration list for PBXNativeTarget "FriendsFavoriteMoviesORM" */ = {
			isa = XCConfigurationList;
			buildConfigurations = (
				8B12553F2F2123830079B7F2 /* Debug */,
				8B1255402F2123830079B7F2 /* Release */,
			);
			defaultConfigurationIsVisible = 0;
			defaultConfigurationName = Release;
		};
/* End XCConfigurationList section */
	};
	rootObject = 8B12552B2F2123820079B7F2 /* Project object */;
}
